
Microsoft Visual Studio Solution File, Format Version 12.00
# Visual Studio Version 17
VisualStudioVersion = 17.6.33815.320
MinimumVisualStudioVersion = 10.0.40219.1
Project("{9A19103F-16F7-4668-BE54-9A1E7A4F7556}") = "ProjectEulerExercises", "src\ProjectEulerExercises\ProjectEulerExercises.csproj", "{30C69850-FEFC-4600-A35C-585E6FAA1AAE}"
EndProject
Global
	GlobalSection(SolutionConfigurationPlatforms) = preSolution
		Debug|Any CPU = Debug|Any CPU
		Release|Any CPU = Release|Any CPU
	EndGlobalSection
	GlobalSection(ProjectConfigurationPlatforms) = postSolution
		{30C69850-FEFC-4600-A35C-585E6FAA1AAE}.Debug|Any CPU.ActiveCfg = Debug|Any CPU
		{30C69850-FEFC-4600-A35C-585E6FAA1AAE}.Debug|Any CPU.Build.0 = Debug|Any CPU
		{30C69850-FEFC-4600-A35C-585E6FAA1AAE}.Release|Any CPU.ActiveCfg = Release|Any CPU
		{30C69850-FEFC-4600-A35C-585E6FAA1AAE}.Release|Any CPU.Build.0 = Release|Any CPU
	EndGlobalSection
	GlobalSection(SolutionProperties) = preSolution
		HideSolutionNode = FALSE
	EndGlobalSection
	GlobalSection(ExtensibilityGlobals) = postSolution
		SolutionGuid = {08C6C43C-0735-407A-937E-AD417FE77AF9}
	EndGlobalSection
EndGlobal
